// !$*UTF8*$!
{
	archiveVersion = 1;
	classes = {
	};
	objectVersion = 46;
	objects = {

/* Begin PBXBuildFile section */
		BA650828186B03B30074D87A /* Foundation.framework in Frameworks */ = {isa = PBXBuildFile; fileRef = BA650827186B03B30074D87A /* Foundation.framework */; };
		BA65082A186B03B40074D87A /* CoreGraphics.framework in Frameworks */ = {isa = PBXBuildFile; fileRef = BA650829186B03B40074D87A /* CoreGraphics.framework */; };
		BA65082C186B03B40074D87A /* UIKit.framework in Frameworks */ = {isa = PBXBuildFile; fileRef = BA65082B186B03B40074D87A /* UIKit.framework */; };
		BA65082E186B03B40074D87A /* CoreData.framework in Frameworks */ = {isa = PBXBuildFile; fileRef = BA65082D186B03B40074D87A /* CoreData.framework */; };
		BA650834186B03B40074D87A /* InfoPlist.strings in Resources */ = {isa = PBXBuildFile; fileRef = BA650832186B03B40074D87A /* InfoPlist.strings */; };
		BA650836186B03B40074D87A /* main.m in Sources */ = {isa = PBXBuildFile; fileRef = BA650835186B03B40074D87A /* main.m */; };
		BA65083A186B03B40074D87A /* AppDelegate.m in Sources */ = {isa = PBXBuildFile; fileRef = BA650839186B03B40074D87A /* AppDelegate.m */; };
		BA65083D186B03B40074D87A /* Main.storyboard in Resources */ = {isa = PBXBuildFile; fileRef = BA65083B186B03B40074D87A /* Main.storyboard */; };
		BA650840186B03B40074D87A /* Ex5.xcdatamodeld in Sources */ = {isa = PBXBuildFile; fileRef = BA65083E186B03B40074D87A /* Ex5.xcdatamodeld */; };
		BA650843186B03B40074D87A /* MasterViewController.m in Sources */ = {isa = PBXBuildFile; fileRef = BA650842186B03B40074D87A /* MasterViewController.m */; };
		BA650846186B03B40074D87A /* DetailViewController.m in Sources */ = {isa = PBXBuildFile; fileRef = BA650845186B03B40074D87A /* DetailViewController.m */; };
		BA650848186B03B40074D87A /* Images.xcassets in Resources */ = {isa = PBXBuildFile; fileRef = BA650847186B03B40074D87A /* Images.xcassets */; };
		BA65084F186B03B40074D87A /* XCTest.framework in Frameworks */ = {isa = PBXBuildFile; fileRef = BA65084E186B03B40074D87A /* XCTest.framework */; };
		BA650850186B03B40074D87A /* Foundation.framework in Frameworks */ = {isa = PBXBuildFile; fileRef = BA650827186B03B30074D87A /* Foundation.framework */; };
		BA650851186B03B40074D87A /* UIKit.framework in Frameworks */ = {isa = PBXBuildFile; fileRef = BA65082B186B03B40074D87A /* UIKit.framework */; };
		BA650852186B03B40074D87A /* CoreData.framework in Frameworks */ = {isa = PBXBuildFile; fileRef = BA65082D186B03B40074D87A /* CoreData.framework */; };
		BA65085A186B03B40074D87A /* InfoPlist.strings in Resources */ = {isa = PBXBuildFile; fileRef = BA650858186B03B40074D87A /* InfoPlist.strings */; };
		BA65085C186B03B40074D87A /* Ex5Tests.m in Sources */ = {isa = PBXBuildFile; fileRef = BA65085B186B03B40074D87A /* Ex5Tests.m */; };
/* End PBXBuildFile section */

/* Begin PBXContainerItemProxy section */
		BA650853186B03B40074D87A /* PBXContainerItemProxy */ = {
			isa = PBXContainerItemProxy;
			containerPortal = BA65081C186B03B30074D87A /* Project object */;
			proxyType = 1;
			remoteGlobalIDString = BA650823186B03B30074D87A;
			remoteInfo = Ex5;
		};
/* End PBXContainerItemProxy section */

/* Begin PBXFileReference section */
		BA650824186B03B30074D87A /* Ex5.app */ = {isa = PBXFileReference; explicitFileType = wrapper.application; includeInIndex = 0; path = Ex5.app; sourceTree = BUILT_PRODUCTS_DIR; };
		BA650827186B03B30074D87A /* Foundation.framework */ = {isa = PBXFileReference; lastKnownFileType = wrapper.framework; name = Foundation.framework; path = System/Library/Frameworks/Foundation.framework; sourceTree = SDKROOT; };
		BA650829186B03B40074D87A /* CoreGraphics.framework */ = {isa = PBXFileReference; lastKnownFileType = wrapper.framework; name = CoreGraphics.framework; path = System/Library/Frameworks/CoreGraphics.framework; sourceTree = SDKROOT; };
		BA65082B186B03B40074D87A /* UIKit.framework */ = {isa = PBXFileReference; lastKnownFileType = wrapper.framework; name = UIKit.framework; path = System/Library/Frameworks/UIKit.framework; sourceTree = SDKROOT; };
		BA65082D186B03B40074D87A /* CoreData.framework */ = {isa = PBXFileReference; lastKnownFileType = wrapper.framework; name = CoreData.framework; path = System/Library/Frameworks/CoreData.framework; sourceTree = SDKROOT; };
		BA650831186B03B40074D87A /* Ex5-Info.plist */ = {isa = PBXFileReference; lastKnownFileType = text.plist.xml; path = "Ex5-Info.plist"; sourceTree = "<group>"; };
		BA650833186B03B40074D87A /* en */ = {isa = PBXFileReference; lastKnownFileType = text.plist.strings; name = en; path = en.lproj/InfoPlist.strings; sourceTree = "<group>"; };
		BA650835186B03B40074D87A /* main.m */ = {isa = PBXFileReference; lastKnownFileType = sourcecode.c.objc; path = main.m; sourceTree = "<group>"; };
		BA650837186B03B40074D87A /* Ex5-Prefix.pch */ = {isa = PBXFileReference; lastKnownFileType = sourcecode.c.h; path = "Ex5-Prefix.pch"; sourceTree = "<group>"; };
		BA650838186B03B40074D87A /* AppDelegate.h */ = {isa = PBXFileReference; lastKnownFileType = sourcecode.c.h; path = AppDelegate.h; sourceTree = "<group>"; };
		BA650839186B03B40074D87A /* AppDelegate.m */ = {isa = PBXFileReference; lastKnownFileType = sourcecode.c.objc; path = AppDelegate.m; sourceTree = "<group>"; };
		BA65083C186B03B40074D87A /* Base */ = {isa = PBXFileReference; lastKnownFileType = file.storyboard; name = Base; path = Base.lproj/Main.storyboard; sourceTree = "<group>"; };
		BA65083F186B03B40074D87A /* Ex5.xcdatamodel */ = {isa = PBXFileReference; lastKnownFileType = wrapper.xcdatamodel; path = Ex5.xcdatamodel; sourceTree = "<group>"; };
		BA650841186B03B40074D87A /* MasterViewController.h */ = {isa = PBXFileReference; lastKnownFileType = sourcecode.c.h; path = MasterViewController.h; sourceTree = "<group>"; };
		BA650842186B03B40074D87A /* MasterViewController.m */ = {isa = PBXFileReference; lastKnownFileType = sourcecode.c.objc; path = MasterViewController.m; sourceTree = "<group>"; };
		BA650844186B03B40074D87A /* DetailViewController.h */ = {isa = PBXFileReference; lastKnownFileType = sourcecode.c.h; path = DetailViewController.h; sourceTree = "<group>"; };
		BA650845186B03B40074D87A /* DetailViewController.m */ = {isa = PBXFileReference; lastKnownFileType = sourcecode.c.objc; path = DetailViewController.m; sourceTree = "<group>"; };
		BA650847186B03B40074D87A /* Images.xcassets */ = {isa = PBXFileReference; lastKnownFileType = folder.assetcatalog; path = Images.xcassets; sourceTree = "<group>"; };
		BA65084D186B03B40074D87A /* Ex5Tests.xctest */ = {isa = PBXFileReference; explicitFileType = wrapper.cfbundle; includeInIndex = 0; path = Ex5Tests.xctest; sourceTree = BUILT_PRODUCTS_DIR; };
		BA65084E186B03B40074D87A /* XCTest.framework */ = {isa = PBXFileReference; lastKnownFileType = wrapper.framework; name = XCTest.framework; path = Library/Frameworks/XCTest.framework; sourceTree = DEVELOPER_DIR; };
		BA650857186B03B40074D87A /* Ex5Tests-Info.plist */ = {isa = PBXFileReference; lastKnownFileType = text.plist.xml; path = "Ex5Tests-Info.plist"; sourceTree = "<group>"; };
		BA650859186B03B40074D87A /* en */ = {isa = PBXFileReference; lastKnownFileType = text.plist.strings; name = en; path = en.lproj/InfoPlist.strings; sourceTree = "<group>"; };
		BA65085B186B03B40074D87A /* Ex5Tests.m */ = {isa = PBXFileReference; lastKnownFileType = sourcecode.c.objc; path = Ex5Tests.m; sourceTree = "<group>"; };
/* End PBXFileReference section */

/* Begin PBXFrameworksBuildPhase section */
		BA650821186B03B30074D87A /* Frameworks */ = {
			isa = PBXFrameworksBuildPhase;
			buildActionMask = 2147483647;
			files = (
				BA65082A186B03B40074D87A /* CoreGraphics.framework in Frameworks */,
				BA65082E186B03B40074D87A /* CoreData.framework in Frameworks */,
				BA65082C186B03B40074D87A /* UIKit.framework in Frameworks */,
				BA650828186B03B30074D87A /* Foundation.framework in Frameworks */,
			);
			runOnlyForDeploymentPostprocessing = 0;
		};
		BA65084A186B03B40074D87A /* Frameworks */ = {
			isa = PBXFrameworksBuildPhase;
			buildActionMask = 2147483647;
			files = (
				BA65084F186B03B40074D87A /* XCTest.framework in Frameworks */,
				BA650852186B03B40074D87A /* CoreData.framework in Frameworks */,
				BA650851186B03B40074D87A /* UIKit.framework in Frameworks */,
				BA650850186B03B40074D87A /* Foundation.framework in Frameworks */,
			);
			runOnlyForDeploymentPostprocessing = 0;
		};
/* End PBXFrameworksBuildPhase section */

/* Begin PBXGroup section */
		BA65081B186B03B30074D87A = {
			isa = PBXGroup;
			children = (
				BA65082F186B03B40074D87A /* Ex5 */,
				BA650855186B03B40074D87A /* Ex5Tests */,
				BA650826186B03B30074D87A /* Frameworks */,
				BA650825186B03B30074D87A /* Products */,
			);
			sourceTree = "<group>";
		};
		BA650825186B03B30074D87A /* Products */ = {
			isa = PBXGroup;
			children = (
				BA650824186B03B30074D87A /* Ex5.app */,
				BA65084D186B03B40074D87A /* Ex5Tests.xctest */,
			);
			name = Products;
			sourceTree = "<group>";
		};
		BA650826186B03B30074D87A /* Frameworks */ = {
			isa = PBXGroup;
			children = (
				BA650827186B03B30074D87A /* Foundation.framework */,
				BA650829186B03B40074D87A /* CoreGraphics.framework */,
				BA65082B186B03B40074D87A /* UIKit.framework */,
				BA65082D186B03B40074D87A /* CoreData.framework */,
				BA65084E186B03B40074D87A /* XCTest.framework */,
			);
			name = Frameworks;
			sourceTree = "<group>";
		};
		BA65082F186B03B40074D87A /* Ex5 */ = {
			isa = PBXGroup;
			children = (
				BA650838186B03B40074D87A /* AppDelegate.h */,
				BA650839186B03B40074D87A /* AppDelegate.m */,
				BA65083B186B03B40074D87A /* Main.storyboard */,
				BA650841186B03B40074D87A /* MasterViewController.h */,
				BA650842186B03B40074D87A /* MasterViewController.m */,
				BA650844186B03B40074D87A /* DetailViewController.h */,
				BA650845186B03B40074D87A /* DetailViewController.m */,
				BA650847186B03B40074D87A /* Images.xcassets */,
				BA65083E186B03B40074D87A /* Ex5.xcdatamodeld */,
				BA650830186B03B40074D87A /* Supporting Files */,
			);
			path = Ex5;
			sourceTree = "<group>";
		};
		BA650830186B03B40074D87A /* Supporting Files */ = {
			isa = PBXGroup;
			children = (
				BA650831186B03B40074D87A /* Ex5-Info.plist */,
				BA650832186B03B40074D87A /* InfoPlist.strings */,
				BA650835186B03B40074D87A /* main.m */,
				BA650837186B03B40074D87A /* Ex5-Prefix.pch */,
			);
			name = "Supporting Files";
			sourceTree = "<group>";
		};
		BA650855186B03B40074D87A /* Ex5Tests */ = {
			isa = PBXGroup;
			children = (
				BA65085B186B03B40074D87A /* Ex5Tests.m */,
				BA650856186B03B40074D87A /* Supporting Files */,
			);
			path = Ex5Tests;
			sourceTree = "<group>";
		};
		BA650856186B03B40074D87A /* Supporting Files */ = {
			isa = PBXGroup;
			children = (
				BA650857186B03B40074D87A /* Ex5Tests-Info.plist */,
				BA650858186B03B40074D87A /* InfoPlist.strings */,
			);
			name = "Supporting Files";
			sourceTree = "<group>";
		};
/* End PBXGroup section */

/* Begin PBXNativeTarget section */
		BA650823186B03B30074D87A /* Ex5 */ = {
			isa = PBXNativeTarget;
			buildConfigurationList = BA65085F186B03B40074D87A /* Build configuration list for PBXNativeTarget "Ex5" */;
			buildPhases = (
				BA650820186B03B30074D87A /* Sources */,
				BA650821186B03B30074D87A /* Frameworks */,
				BA650822186B03B30074D87A /* Resources */,
			);
			buildRules = (
			);
			dependencies = (
			);
			name = Ex5;
			productName = Ex5;
			productReference = BA650824186B03B30074D87A /* Ex5.app */;
			productType = "com.apple.product-type.application";
		};
		BA65084C186B03B40074D87A /* Ex5Tests */ = {
			isa = PBXNativeTarget;
			buildConfigurationList = BA650862186B03B40074D87A /* Build configuration list for PBXNativeTarget "Ex5Tests" */;
			buildPhases = (
				BA650849186B03B40074D87A /* Sources */,
				BA65084A186B03B40074D87A /* Frameworks */,
				BA65084B186B03B40074D87A /* Resources */,
			);
			buildRules = (
			);
			dependencies = (
				BA650854186B03B40074D87A /* PBXTargetDependency */,
			);
			name = Ex5Tests;
			productName = Ex5Tests;
			productReference = BA65084D186B03B40074D87A /* Ex5Tests.xctest */;
			productType = "com.apple.product-type.bundle.unit-test";
		};
/* End PBXNativeTarget section */

/* Begin PBXProject section */
		BA65081C186B03B30074D87A /* Project object */ = {
			isa = PBXProject;
			attributes = {
				LastUpgradeCheck = 0500;
				ORGANIZATIONNAME = SmartGalApps;
				TargetAttributes = {
					BA65084C186B03B40074D87A = {
						TestTargetID = BA650823186B03B30074D87A;
					};
				};
			};
			buildConfigurationList = BA65081F186B03B30074D87A /* Build configuration list for PBXProject "Ex5" */;
			compatibilityVersion = "Xcode 3.2";
			developmentRegion = English;
			hasScannedForEncodings = 0;
			knownRegions = (
				en,
				Base,
			);
			mainGroup = BA65081B186B03B30074D87A;
			productRefGroup = BA650825186B03B30074D87A /* Products */;
			projectDirPath = "";
			projectRoot = "";
			targets = (
				BA650823186B03B30074D87A /* Ex5 */,
				BA65084C186B03B40074D87A /* Ex5Tests */,
			);
		};
/* End PBXProject section */

/* Begin PBXResourcesBuildPhase section */
		BA650822186B03B30074D87A /* Resources */ = {
			isa = PBXResourcesBuildPhase;
			buildActionMask = 2147483647;
			files = (
				BA650848186B03B40074D87A /* Images.xcassets in Resources */,
				BA650834186B03B40074D87A /* InfoPlist.strings in Resources */,
				BA65083D186B03B40074D87A /* Main.storyboard in Resources */,
			);
			runOnlyForDeploymentPostprocessing = 0;
		};
		BA65084B186B03B40074D87A /* Resources */ = {
			isa = PBXResourcesBuildPhase;
			buildActionMask = 2147483647;
			files = (
				BA65085A186B03B40074D87A /* InfoPlist.strings in Resources */,
			);
			runOnlyForDeploymentPostprocessing = 0;
		};
/* End PBXResourcesBuildPhase section */

/* Begin PBXSourcesBuildPhase section */
		BA650820186B03B30074D87A /* Sources */ = {
			isa = PBXSourcesBuildPhase;
			buildActionMask = 2147483647;
			files = (
				BA650846186B03B40074D87A /* DetailViewController.m in Sources */,
				BA650843186B03B40074D87A /* MasterViewController.m in Sources */,
				BA65083A186B03B40074D87A /* AppDelegate.m in Sources */,
				BA650836186B03B40074D87A /* main.m in Sources */,
				BA650840186B03B40074D87A /* Ex5.xcdatamodeld in Sources */,
			);
			runOnlyForDeploymentPostprocessing = 0;
		};
		BA650849186B03B40074D87A /* Sources */ = {
			isa = PBXSourcesBuildPhase;
			buildActionMask = 2147483647;
			files = (
				BA65085C186B03B40074D87A /* Ex5Tests.m in Sources */,
			);
			runOnlyForDeploymentPostprocessing = 0;
		};
/* End PBXSourcesBuildPhase section */

/* Begin PBXTargetDependency section */
		BA650854186B03B40074D87A /* PBXTargetDependency */ = {
			isa = PBXTargetDependency;
			target = BA650823186B03B30074D87A /* Ex5 */;
			targetProxy = BA650853186B03B40074D87A /* PBXContainerItemProxy */;
		};
/* End PBXTargetDependency section */

/* Begin PBXVariantGroup section */
		BA650832186B03B40074D87A /* InfoPlist.strings */ = {
			isa = PBXVariantGroup;
			children = (
				BA650833186B03B40074D87A /* en */,
			);
			name = InfoPlist.strings;
			sourceTree = "<group>";
		};
		BA65083B186B03B40074D87A /* Main.storyboard */ = {
			isa = PBXVariantGroup;
			children = (
				BA65083C186B03B40074D87A /* Base */,
			);
			name = Main.storyboard;
			sourceTree = "<group>";
		};
		BA650858186B03B40074D87A /* InfoPlist.strings */ = {
			isa = PBXVariantGroup;
			children = (
				BA650859186B03B40074D87A /* en */,
			);
			name = InfoPlist.strings;
			sourceTree = "<group>";
		};
/* End PBXVariantGroup section */

/* Begin XCBuildConfiguration section */
		BA65085D186B03B40074D87A /* Debug */ = {
			isa = XCBuildConfiguration;
			buildSettings = {
				ALWAYS_SEARCH_USER_PATHS = NO;
				ARCHS = "$(ARCHS_STANDARD_INCLUDING_64_BIT)";
				CLANG_CXX_LANGUAGE_STANDARD = "gnu++0x";
				CLANG_CXX_LIBRARY = "libc++";
				CLANG_ENABLE_MODULES = YES;
				CLANG_ENABLE_OBJC_ARC = YES;
				CLANG_WARN_BOOL_CONVERSION = YES;
				CLANG_WARN_CONSTANT_CONVERSION = YES;
				CLANG_WARN_DIRECT_OBJC_ISA_USAGE = YES_ERROR;
				CLANG_WARN_EMPTY_BODY = YES;
				CLANG_WARN_ENUM_CONVERSION = YES;
				CLANG_WARN_INT_CONVERSION = YES;
				CLANG_WARN_OBJC_ROOT_CLASS = YES_ERROR;
				CLANG_WARN__DUPLICATE_METHOD_MATCH = YES;
				"CODE_SIGN_IDENTITY[sdk=iphoneos*]" = "iPhone Developer";
				COPY_PHASE_STRIP = NO;
				GCC_C_LANGUAGE_STANDARD = gnu99;
				GCC_DYNAMIC_NO_PIC = NO;
				GCC_OPTIMIZATION_LEVEL = 0;
				GCC_PREPROCESSOR_DEFINITIONS = (
					"DEBUG=1",
					"$(inherited)",
				);
				GCC_SYMBOLS_PRIVATE_EXTERN = NO;
				GCC_WARN_64_TO_32_BIT_CONVERSION = YES;
				GCC_WARN_ABOUT_RETURN_TYPE = YES_ERROR;
				GCC_WARN_UNDECLARED_SELECTOR = YES;
				GCC_WARN_UNINITIALIZED_AUTOS = YES;
				GCC_WARN_UNUSED_FUNCTION = YES;
				GCC_WARN_UNUSED_VARIABLE = YES;
				IPHONEOS_DEPLOYMENT_TARGET = 7.0;
				ONLY_ACTIVE_ARCH = YES;
				SDKROOT = iphoneos;
			};
			name = Debug;
		};
		BA65085E186B03B40074D87A /* Release */ = {
			isa = XCBuildConfiguration;
			buildSettings = {
				ALWAYS_SEARCH_USER_PATHS = NO;
				ARCHS = "$(ARCHS_STANDARD_INCLUDING_64_BIT)";
				CLANG_CXX_LANGUAGE_STANDARD = "gnu++0x";
				CLANG_CXX_LIBRARY = "libc++";
				CLANG_ENABLE_MODULES = YES;
				CLANG_ENABLE_OBJC_ARC = YES;
				CLANG_WARN_BOOL_CONVERSION = YES;
				CLANG_WARN_CONSTANT_CONVERSION = YES;
				CLANG_WARN_DIRECT_OBJC_ISA_USAGE = YES_ERROR;
				CLANG_WARN_EMPTY_BODY = YES;
				CLANG_WARN_ENUM_CONVERSION = YES;
				CLANG_WARN_INT_CONVERSION = YES;
				CLANG_WARN_OBJC_ROOT_CLASS = YES_ERROR;
				CLANG_WARN__DUPLICATE_METHOD_MATCH = YES;
				"CODE_SIGN_IDENTITY[sdk=iphoneos*]" = "iPhone Developer";
				COPY_PHASE_STRIP = YES;
				ENABLE_NS_ASSERTIONS = NO;
				GCC_C_LANGUAGE_STANDARD = gnu99;
				GCC_WARN_64_TO_32_BIT_CONVERSION = YES;
				GCC_WARN_ABOUT_RETURN_TYPE = YES_ERROR;
				GCC_WARN_UNDECLARED_SELECTOR = YES;
				GCC_WARN_UNINITIALIZED_AUTOS = YES;
				GCC_WARN_UNUSED_FUNCTION = YES;
				GCC_WARN_UNUSED_VARIABLE = YES;
				IPHONEOS_DEPLOYMENT_TARGET = 7.0;
				SDKROOT = iphoneos;
				VALIDATE_PRODUCT = YES;
			};
			name = Release;
		};
		BA650860186B03B40074D87A /* Debug */ = {
			isa = XCBuildConfiguration;
			buildSettings = {
				ASSETCATALOG_COMPILER_APPICON_NAME = AppIcon;
				ASSETCATALOG_COMPILER_LAUNCHIMAGE_NAME = LaunchImage;
				GCC_PRECOMPILE_PREFIX_HEADER = YES;
				GCC_PREFIX_HEADER = "Ex5/Ex5-Prefix.pch";
				INFOPLIST_FILE = "Ex5/Ex5-Info.plist";
				PRODUCT_NAME = "$(TARGET_NAME)";
				WRAPPER_EXTENSION = app;
			};
			name = Debug;
		};
		BA650861186B03B40074D87A /* Release */ = {
			isa = XCBuildConfiguration;
			buildSettings = {
				ASSETCATALOG_COMPILER_APPICON_NAME = AppIcon;
				ASSETCATALOG_COMPILER_LAUNCHIMAGE_NAME = LaunchImage;
				GCC_PRECOMPILE_PREFIX_HEADER = YES;
				GCC_PREFIX_HEADER = "Ex5/Ex5-Prefix.pch";
				INFOPLIST_FILE = "Ex5/Ex5-Info.plist";
				PRODUCT_NAME = "$(TARGET_NAME)";
				WRAPPER_EXTENSION = app;
			};
			name = Release;
		};
		BA650863186B03B40074D87A /* Debug */ = {
			isa = XCBuildConfiguration;
			buildSettings = {
				ARCHS = "$(ARCHS_STANDARD_INCLUDING_64_BIT)";
				BUNDLE_LOADER = "$(BUILT_PRODUCTS_DIR)/Ex5.app/Ex5";
				FRAMEWORK_SEARCH_PATHS = (
					"$(SDKROOT)/Developer/Library/Frameworks",
					"$(inherited)",
					"$(DEVELOPER_FRAMEWORKS_DIR)",
				);
				GCC_PRECOMPILE_PREFIX_HEADER = YES;
				GCC_PREFIX_HEADER = "Ex5/Ex5-Prefix.pch";
				GCC_PREPROCESSOR_DEFINITIONS = (
					"DEBUG=1",
					"$(inherited)",
				);
				INFOPLIST_FILE = "Ex5Tests/Ex5Tests-Info.plist";
				PRODUCT_NAME = "$(TARGET_NAME)";
				TEST_HOST = "$(BUNDLE_LOADER)";
				WRAPPER_EXTENSION = xctest;
			};
			name = Debug;
		};
		BA650864186B03B40074D87A /* Release */ = {
			isa = XCBuildConfiguration;
			buildSettings = {
				ARCHS = "$(ARCHS_STANDARD_INCLUDING_64_BIT)";
				BUNDLE_LOADER = "$(BUILT_PRODUCTS_DIR)/Ex5.app/Ex5";
				FRAMEWORK_SEARCH_PATHS = (
					"$(SDKROOT)/Developer/Library/Frameworks",
					"$(inherited)",
					"$(DEVELOPER_FRAMEWORKS_DIR)",
				);
				GCC_PRECOMPILE_PREFIX_HEADER = YES;
				GCC_PREFIX_HEADER = "Ex5/Ex5-Prefix.pch";
				INFOPLIST_FILE = "Ex5Tests/Ex5Tests-Info.plist";
				PRODUCT_NAME = "$(TARGET_NAME)";
				TEST_HOST = "$(BUNDLE_LOADER)";
				WRAPPER_EXTENSION = xctest;
			};
			name = Release;
		};
/* End XCBuildConfiguration section */

/* Begin XCConfigurationList section */
		BA65081F186B03B30074D87A /* Build configuration list for PBXProject "Ex5" */ = {
			isa = XCConfigurationList;
			buildConfigurations = (
				BA65085D186B03B40074D87A /* Debug */,
				BA65085E186B03B40074D87A /* Release */,
			);
			defaultConfigurationIsVisible = 0;
			defaultConfigurationName = Release;
		};
		BA65085F186B03B40074D87A /* Build configuration list for PBXNativeTarget "Ex5" */ = {
			isa = XCConfigurationList;
			buildConfigurations = (
				BA650860186B03B40074D87A /* Debug */,
				BA650861186B03B40074D87A /* Release */,
			);
			defaultConfigurationIsVisible = 0;
		};
		BA650862186B03B40074D87A /* Build configuration list for PBXNativeTarget "Ex5Tests" */ = {
			isa = XCConfigurationList;
			buildConfigurations = (
				BA650863186B03B40074D87A /* Debug */,
				BA650864186B03B40074D87A /* Release */,
			);
			defaultConfigurationIsVisible = 0;
		};
/* End XCConfigurationList section */

/* Begin XCVersionGroup section */
		BA65083E186B03B40074D87A /* Ex5.xcdatamodeld */ = {
			isa = XCVersionGroup;
			children = (
				BA65083F186B03B40074D87A /* Ex5.xcdatamodel */,
			);
			currentVersion = BA65083F186B03B40074D87A /* Ex5.xcdatamodel */;
			path = Ex5.xcdatamodeld;
			sourceTree = "<group>";
			versionGroupType = wrapper.xcdatamodel;
		};
/* End XCVersionGroup section */
	};
	rootObject = BA65081C186B03B30074D87A /* Project object */;
}
